lockVersion: 2.0.0
id: 104db2d6-9bbd-4701-8824-eae3c56579e7
management:
  docChecksum: d1d1aaceac9b4e8ff02dfedb27cbd35e
  docVersion: 1.0.0
  speakeasyVersion: 1.730.0
  generationVersion: 2.844.2
  releaseVersion: 0.0.3
  configChecksum: c66fcfce6fb92ba06a591a0cd6d17f8f
  repoURL: https://github.com/usenotra/typescript-sdk.git
  installationURL: https://github.com/usenotra/typescript-sdk
  published: true
persistentEdits:
  generation_id: 061b00ab-0284-46b3-aa8c-21085fead6f4
  pristine_commit_hash: 78f03f8237a17b28d614ffbd886aa5a20e1c0e95
  pristine_tree_hash: ac3e4d194b12a0fb7432eb2ba8dceb0ec4c61276
features:
  typescript:
    additionalDependencies: 0.1.0
    constsAndDefaults: 0.1.14
    core: 3.26.34
    defaultEnabledRetries: 0.1.0
    devContainers: 2.90.1
    enumUnions: 0.1.0
    envVarSecurityUsage: 0.1.2
    globalSecurity: 2.82.15
    globalSecurityCallbacks: 0.1.0
    globalSecurityFlattening: 0.1.1
    globalServerURLs: 2.83.0
    methodArguments: 0.1.2
    nullables: 0.1.1
    responseFormat: 0.3.0
    retries: 2.83.0
    sdkHooks: 0.4.0
    unions: 2.86.4
trackedFiles:
  .devcontainer/README.md:
    id: b170c0f184ac
    last_write_checksum: sha1:abe7de6ea3ab74ddc3039ec43fc74ff094d739cc
    pristine_git_object: 3281ddc8d8fa61b1aeb797421585d69dbb90b8aa
  .devcontainer/devcontainer.json:
    id: b34062a34eb1
    last_write_checksum: sha1:d0b15193202c961e7d1875864ddb15f9d17c84dd
    pristine_git_object: 4d560dd5f40afaf10d96eb75b1f02cd48bbd640c
  .devcontainer/setup.sh:
    id: 5f1dfbfeb8eb
    last_write_checksum: sha1:4eec8eba096bfbe01982a960a8563bb65eaec5e1
    pristine_git_object: cc4e004928e87c948260ff926a0aedc758b28da7
  .gitattributes:
    id: 24139dae6567
    last_write_checksum: sha1:26d16d8297b104945139da8c25bd38feeaad3e25
    pristine_git_object: 113eead5093c17d43a46159132885318f281a68a
  .npmignore:
    id: aa70c1f807c3
    last_write_checksum: sha1:425e91786e3b6cddd2b364bf3f9f9cd38e3c3e1a
    pristine_git_object: 134e78a629b846b88e408199011801852bacc600
  FUNCTIONS.md:
    id: 21b9df02aaeb
    last_write_checksum: sha1:3cf4b32891f4c740c1e70106d50634a9509d88ae
    pristine_git_object: 14a16c85bee12581bc6bd71ddc5fd94c7501c598
  RUNTIMES.md:
    id: 620c490847b6
    last_write_checksum: sha1:e45b854f02c357cbcfdb8c3663000e8339e16505
    pristine_git_object: 27731c3b5ace66bedc454ed5acbe15075aacd3dc
  USAGE.md:
    id: 3aed33ce6e6f
    last_write_checksum: sha1:9e689b79c094912109dd011a0df5f104bba5bbee
    pristine_git_object: c54592854a276394fa16677551f34b2522b40f7d
  docs/lib/utils/retryconfig.md:
    id: 0ce9707cb848
    last_write_checksum: sha1:bc4454e196fcd219f5a78da690375a884f5ed07b
    pristine_git_object: 08f95f4552349360b2c0b01802aa71ec3a55d2c2
  docs/models/errors/error-response.md:
    id: 42d2f6b1c814
    last_write_checksum: sha1:5c8e7936cf2157951e78ddb0a1b6754a8a8744b4
    pristine_git_object: 1098cd4e7b58a552fed6e0530e46fd88d860bde2
  docs/models/operations/get-post-content-type-enum1.md:
    id: 740e5b536527
    last_write_checksum: sha1:02fc8daf164b2732b8ce4d0df828ad78f82dd6d1
    pristine_git_object: f3aede65a60b0f147236aab57f91a55551aaa9c7
  docs/models/operations/get-post-content-type-enum2.md:
    id: f064a3e51ced
    last_write_checksum: sha1:143cc7574abff495ff9773ee256c8f65c0541936
    pristine_git_object: b0fc6db5ef691e6dd102152840e4e1241551670a
  docs/models/operations/get-post-content-type-union.md:
    id: e0a85d60275e
    last_write_checksum: sha1:7cc823beb6bf07c623701a314b88e05c4d68eaf5
    pristine_git_object: 687cb9cd6b316408de18165c871d7c0868f6f002
  docs/models/operations/get-post-post.md:
    id: d37b5a72250d
    last_write_checksum: sha1:34a7fb26091b9dfb159ea1bb591bde103b90fb40
    pristine_git_object: f0e2ddf345befaeed47dba26af99cccce4de11d0
  docs/models/operations/get-post-request.md:
    id: 9897149141ba
    last_write_checksum: sha1:982564151e1ebebdc689f1cd9a59b315f9bb5e6f
    pristine_git_object: eca31596eb5918976919517a3d1dcc2e37baf77f
  docs/models/operations/get-post-response.md:
    id: 3feaa200a64e
    last_write_checksum: sha1:cf459c51cf136dddb6afa202c723f2c7706d308b
    pristine_git_object: 0851031624f5b27091a67b63cad0f106bd426758
  docs/models/operations/get-post-status-query-param-enum1.md:
    id: 421fb3285abf
    last_write_checksum: sha1:ca6862c374cdd7404470dd95b295e9a8550d0c77
    pristine_git_object: d2dd9e901e3891f35b989283eecf8bc898b76864
  docs/models/operations/get-post-status-query-param-enum2.md:
    id: e748486df474
    last_write_checksum: sha1:65654cdaa44b392efa27336c64f732dba8d03cbc
    pristine_git_object: b7583c039f04fd56b652ade07a824b672290ac29
  docs/models/operations/get-post-status-response.md:
    id: 920b3f799eb5
    last_write_checksum: sha1:56d16cca76fc60294d3421c0f28453df8b219891
    pristine_git_object: ef17c602f890e3d3a1a65be651d0ab5fa0803814
  docs/models/operations/get-post-status-union.md:
    id: f1777d26e570
    last_write_checksum: sha1:ae6b96f3939d26dc4b694f9b75a3d7216f6ccfd4
    pristine_git_object: bd88ec13627762cc9c3db23f61e6ed9bb1ab10a0
  docs/models/operations/list-posts-content-type-enum1.md:
    id: e7e95e3b2b76
    last_write_checksum: sha1:a7a1b25155458c9a160db297bdc246456e67fb0f
    pristine_git_object: 8f4176dba4ac362a10e36c6f75fb04138c08ea11
  docs/models/operations/list-posts-content-type-enum2.md:
    id: ebaa7c97cf84
    last_write_checksum: sha1:09be103ab755e8898dfe335d731a69ab23c73488
    pristine_git_object: 323ef8e716ce1afefbce007c801936c3d0ad6533
  docs/models/operations/list-posts-content-type-union.md:
    id: a4b3b2834c73
    last_write_checksum: sha1:257f4c8e96a9d26f145acd0a62ce362bb6453300
    pristine_git_object: a7af4336297c8fa40ae8597058e6cb115c03ffdf
  docs/models/operations/list-posts-post.md:
    id: 4048643950b3
    last_write_checksum: sha1:c2bef140306c68822020387cbd429f422591aaa8
    pristine_git_object: 4aba0a28f0a3a0677af4741a02dfa1022393203c
  docs/models/operations/list-posts-request.md:
    id: 5eb90fd12240
    last_write_checksum: sha1:6b1a953a3adcd5993c68db70b47b05a54fe235a4
    pristine_git_object: 11f5072b79ecc9437c61421d957adcfe307b4a44
  docs/models/operations/list-posts-response.md:
    id: 71197556be55
    last_write_checksum: sha1:7dbbc3e7e730233e7fdab38d1ed169d6195aa3fd
    pristine_git_object: 7ac57b2c7ca97cd631ff68d0264d8d2f84a6f26f
  docs/models/operations/list-posts-status-query-param-enum1.md:
    id: 740d0f7c34dd
    last_write_checksum: sha1:2a14d37556fbcb2dace8574c5bf9eba6427f990f
    pristine_git_object: 22b51f46b2e9d9143f5ea3ad9a4942fd4373123a
  docs/models/operations/list-posts-status-query-param-enum2.md:
    id: e18015a91473
    last_write_checksum: sha1:65b7965d1de966622cbb320eef0c2c189648276c
    pristine_git_object: ad96a846b76722b0f6571434b8627fbc1f3b6286
  docs/models/operations/list-posts-status-response.md:
    id: 038ed186e2ff
    last_write_checksum: sha1:93eb9a8637b9f959fac33cc2082cc853517db670
    pristine_git_object: 72f0dd026526ac6c4a34dc110236497a3e0a665c
  docs/models/operations/list-posts-status-union.md:
    id: ce55802c9efc
    last_write_checksum: sha1:eaad1ac8ecac41fea71d14a1b2f3ff1041a569dc
    pristine_git_object: aa2ab06d58133126d77e06f750225e5df3b830cc
  docs/models/operations/pagination.md:
    id: bb377048e40d
    last_write_checksum: sha1:6309bcbf4a094df1553d9d1b91b7128800f24d7e
    pristine_git_object: c1f1929b10fba05e982c955690d797c17f67552e
  docs/models/operations/sort.md:
    id: b1f65a1643be
    last_write_checksum: sha1:1a425a34cb5eb2463d50c020b5f18161a3af7167
    pristine_git_object: bf89dca5ec3165dfa0d0c12a420a2ac58588a4d5
  docs/models/security.md:
    id: 452e4d4eb67a
    last_write_checksum: sha1:15488897d4114f4d012a0627bb78a7206bd69b73
    pristine_git_object: 9224384295d93cd566ab540021dd0d2c6081b78a
  docs/sdks/content/README.md:
    id: de1d68ebc2ba
    last_write_checksum: sha1:30c6992695913c0ff9bae5b18a677a2e1ed82b93
    pristine_git_object: 4deaa0cd321e738cdaa06c2457e9e38071d46765
  eslint.config.mjs:
    id: 461c8d07f6da
    last_write_checksum: sha1:9398f326377fe47f67af2df6eb6370750c0790b4
    pristine_git_object: 67bccfec985be20a00970d90155752832dd47135
  examples/.env.template:
    id: 52cbe5afed92
    last_write_checksum: sha1:1ea8c4146a5ca35503f30c6887062c57f378743d
    pristine_git_object: a9517d1dd9a4d0d31b86bca5bb2c48fba073e7aa
  examples/README.md:
    id: 9d0f69d6e677
    last_write_checksum: sha1:c68b4adac0dce47517da4f931e7bd4582b67e864
    pristine_git_object: e5edd6a049c32fc7ff757088ae7f72f37aa74230
  examples/contentListPosts.example.ts:
    id: 3e0712bbfce0
    last_write_checksum: sha1:e23a26b70b01509e241b0bb61029246d6072938e
    pristine_git_object: f1562239116844ace0538d96aa0ac50ee89cb772
  examples/package.json:
    id: c1d7b0ec8e7e
    last_write_checksum: sha1:7a43d4472adb94fbc9c01f0dfcc6592891f29ba2
    pristine_git_object: 3023ce82381e2e8aa2d621788c5bf096cc0419b4
  jsr.json:
    id: 7f6ab7767282
    last_write_checksum: sha1:cf1475baaff027af7ef68c2456f6df33c8573d9a
    pristine_git_object: c8370a7a79af60bdd5c34a736dcb29bd830ef3fd
  package.json:
    id: 7030d0b2f71b
    last_write_checksum: sha1:d5f392dd0ab485a611db22d19cce77acf23be5e7
    pristine_git_object: cb1ebe503dcafc1f727b5b9c1a20eeffa3dd4bf0
  src/core.ts:
    id: f431fdbcd144
    last_write_checksum: sha1:e8d638e0e6a2cda3f4c932a136d971d10a1ef6f4
    pristine_git_object: 874be62eb436e30f8e9b0add956d1af7ff49562a
  src/funcs/content-get-post.ts:
    id: 83c5138f18b7
    last_write_checksum: sha1:5d180b2b22aab0695fbd9b4e99a826baa017291a
    pristine_git_object: db619a6d7abfca99fa99fb626e399b568dd4b98d
  src/funcs/content-list-posts.ts:
    id: 5aecd17911ee
    last_write_checksum: sha1:05ee9321c3ceb0ab8e95c3ca27d20bb0f68a600f
    pristine_git_object: b6e4895c1a1cd8761378df76cc3f1a396a9d0428
  src/hooks/hooks.ts:
    id: a2463fc6f69b
    last_write_checksum: sha1:fca8fbb93caa95e04081273240c61985b717bd09
    pristine_git_object: ebc4ecc4b3ef338ce18bcd1df45d0557dba45517
  src/hooks/index.ts:
    id: 5f2dab62b520
    last_write_checksum: sha1:d6e9af6de9868405b9046d6035e8a431b16a1d7c
    pristine_git_object: 9345e1adf171233bc43038c328fdce155725936a
  src/hooks/types.ts:
    id: 2a02d86ec24f
    last_write_checksum: sha1:622c2ac820271766bc4010bfc3904738c4c5ed0f
    pristine_git_object: ccd5e5d812cb4d21a1013c89f04daad9d2f72190
  src/index.ts:
    id: c5fb850250c7
    last_write_checksum: sha1:7ed2a5fa061eff70d4a20f33fc3269c60a5b1821
    pristine_git_object: 35c2fb4c999bde2ca2b78b36088b052235d4bdff
  src/lib/base64.ts:
    id: "598522066688"
    last_write_checksum: sha1:d8ce4874a5ddbc12c9ef4a66341e4d294482fafa
    pristine_git_object: 0b2543a00780f8844dcd1fbdcbc51a91262d91bc
  src/lib/config.ts:
    id: 320761608fb3
    last_write_checksum: sha1:f20861a85cf769450b7b9138309bba2851684b44
    pristine_git_object: 7d18ed3cf91ce8a570a008e99996f89f028661b7
  src/lib/dlv.ts:
    id: b1988214835a
    last_write_checksum: sha1:eaac763b22717206a6199104e0403ed17a4e2711
    pristine_git_object: f4c75aca30d4e0610454c7836af262a5a0cf7623
  src/lib/encodings.ts:
    id: 3bd8ead98afd
    last_write_checksum: sha1:dc49d0f18d3643c1c1311e8319100d1748625d03
    pristine_git_object: b87b4af1410f5d3a6e853c3882ed3e82ae8af05b
  src/lib/env.ts:
    id: c52972a3b198
    last_write_checksum: sha1:4af70c6b107f072593c1bc277548634b24eee3f5
    pristine_git_object: a67fca340743fc2156c8d2fb33d105bfc77d6e3f
  src/lib/files.ts:
    id: e5efa54fcb95
    last_write_checksum: sha1:8818f0bb05afac75b9a39f22989296cc0722909d
    pristine_git_object: 457f4cedbcb15d70595b1d3083ee3289e8105fe2
  src/lib/http.ts:
    id: 63a80782d37e
    last_write_checksum: sha1:e60a1f9c9ffffd11bcf7fd47e51ac93f4ec1ba2d
    pristine_git_object: 326ee1a058794d1388fbb80359df9cb21e58566e
  src/lib/is-plain-object.ts:
    id: b9862591096a
    last_write_checksum: sha1:7d043eeb4ab74f94b84076f2cd455e589ad0d7c5
    pristine_git_object: 096b49bf45db19c025e039486f55c6acfb021e81
  src/lib/logger.ts:
    id: 7ee7741a02bf
    last_write_checksum: sha1:6615bc573f4a3922bb6c8cf8080142d9d8afd1ef
    pristine_git_object: 323f1895a0266be873f16a924dd58fa500dc97e5
  src/lib/matchers.ts:
    id: d54b2253b719
    last_write_checksum: sha1:3df214e86f39b780a20c720bf6b41f4993f27d9f
    pristine_git_object: 260dbf8280b2d8e56ffcc8043881830b227ca565
  src/lib/primitives.ts:
    id: 74859f750b28
    last_write_checksum: sha1:ec6e7e036c52880b3dc5aab709d3b0395085e3a8
    pristine_git_object: bdff1670cd1cb5c37b39df43d8573616e7a568a7
  src/lib/retries.ts:
    id: b24a69d15639
    last_write_checksum: sha1:016edbbc4d9ac3b0be7760e034334e7bd7283a77
    pristine_git_object: 0059a5eb667527ef7ec58c24c9f95b634f3c992f
  src/lib/schemas.ts:
    id: deb4b531fae1
    last_write_checksum: sha1:05966947709f96ac5923db126dbbabeae98f033f
    pristine_git_object: a417a1acae2650a0a7df4827d8bd30c4f6a6a90c
  src/lib/sdks.ts:
    id: 8a6d91f1218d
    last_write_checksum: sha1:dc85159f80f98e17550d93f066d5e2f71913026f
    pristine_git_object: 93a5712d57be1288980ddd06f3b6143ad61db308
  src/lib/security.ts:
    id: 0502afa7922e
    last_write_checksum: sha1:245a560ee2ac743f52cf50d0039855506d0a4523
    pristine_git_object: abc3347fe4cbd23adc7980f8cefbcf9b0ddde433
  src/lib/url.ts:
    id: b0057e24ed76
    last_write_checksum: sha1:d20760633113236809e01329fa51899bc286721a
    pristine_git_object: 99835829bf94169c99cfa82dbb933424972caed0
  src/models/errors/error-response.ts:
    id: 6459edd35024
    last_write_checksum: sha1:d046573f37a940282a8c1b8c27c65351a1f71c06
    pristine_git_object: d32712fa0c873fa6ee8ee95439fab327369f98e2
  src/models/errors/http-client-errors.ts:
    id: 08390231aab8
    last_write_checksum: sha1:f4bd162e1ad77a0be1490fe5b40501e3d76a6e26
    pristine_git_object: f7bd0f8e593fb3d0290521c680fac24f344e3425
  src/models/errors/index.ts:
    id: c4e22507cb83
    last_write_checksum: sha1:1ddd0f9625b84a914ff48cf2a624f671d0132523
    pristine_git_object: 672a8e9b485f4b1cc105dded87c094a044ac4006
  src/models/errors/notra-default-error.ts:
    id: 5922118ca8b1
    last_write_checksum: sha1:973f67d2aea0a628cde1eab39bdac252ec34a2ef
    pristine_git_object: 0c9b0a6a8aa3b7f64bb965bc30bfe3c2fd512b75
  src/models/errors/notra-error.ts:
    id: a7dc354bddbe
    last_write_checksum: sha1:ee5a1eb3931c8069ffbb23010983e44ac02905ff
    pristine_git_object: 07d64995154b4a4f247d103baaa18c945ff36bad
  src/models/errors/response-validation-error.ts:
    id: a6ce701a9571
    last_write_checksum: sha1:582190ad769f1a655dae9f66ca8a4990802818eb
    pristine_git_object: 4542e4451f1cef01b26f1b06fded86ae85e1ee41
  src/models/errors/sdk-validation-error.ts:
    id: 9b17e7ef247f
    last_write_checksum: sha1:f9cf6f7c307abdf51d1bf9f7f252836351eb1365
    pristine_git_object: 47a01d8094b8698069183ff095808323adac9575
  src/models/index.ts:
    id: f93644b0f37e
    last_write_checksum: sha1:2a62eebaf48b6f3fc2303b1037ac4646d2b7ba3d
    pristine_git_object: d74bddfd2a232800efba1f63b83d24d3ef708dd4
  src/models/operations/get-post.ts:
    id: e9168f4e2a0d
    last_write_checksum: sha1:4dd0318bfb23adec463fd9ce23a0e12558fd61b6
    pristine_git_object: 25da9d50b9a38576db2739c79d89243022b2c58c
  src/models/operations/index.ts:
    id: 0d9ffaf774d2
    last_write_checksum: sha1:f22fa5a84f44b0687d54baec6499f29501c03125
    pristine_git_object: 21faf4047d8637db02dddee12865a534ebb4f29c
  src/models/operations/list-posts.ts:
    id: 30fabba813c1
    last_write_checksum: sha1:8614e5d3a4fcdbc2d922216d612fc931c954591b
    pristine_git_object: 7140987158037174909c2cd4d9dfb008d26698f1
  src/models/security.ts:
    id: d90c6c784ca5
    last_write_checksum: sha1:71406f2a940327891c0342c6c0c97eac6312c79b
    pristine_git_object: abdbeb9934be467e8d5b38c009530844f7fe57c5
  src/sdk/content.ts:
    id: 152cac8c63c4
    last_write_checksum: sha1:228ea9e7f30b5e84f13b68fd9ad79ee9ae645b9a
    pristine_git_object: 57175b39d6bb634775f12b8e40e16b0b77f4af13
  src/sdk/index.ts:
    id: a857902a703f
    last_write_checksum: sha1:54cdd8319bfbee269b54b8c56988fc0a678f2ec3
    pristine_git_object: 5c82fe389f888827f98aa52788b850ef43422e07
  src/sdk/sdk.ts:
    id: 784571af2f69
    last_write_checksum: sha1:763ae309d3091d2dae1469ebd90a3f288893bbb1
    pristine_git_object: 171d48fe47a077840a7b96cf0b9d7693495b233e
  src/types/async.ts:
    id: fac8da972f86
    last_write_checksum: sha1:e2a7c53b428567587741f38e6da489f596de6227
    pristine_git_object: 634e549aca9ff3ed96d8f3e7898f78ac6d752d60
  src/types/blobs.ts:
    id: f8ab9b326c86
    last_write_checksum: sha1:4dfe90cacffd2931c1d126288c0ada97ac0d50f3
    pristine_git_object: d279fae6ad9584390285843a49a0422707ac9b2a
  src/types/const-date-time.ts:
    id: b3487d7170f2
    last_write_checksum: sha1:db0268f55fd7369e3d50e716c036d5df8fcef0af
    pristine_git_object: e75c22bbf5213ab1c3e2f5a38e94930a6d13acf6
  src/types/default-to-zero-value.ts:
    id: 6e0f763ae8c8
    last_write_checksum: sha1:9158d1f08bffb2d8ff52511548fad7efefac5ac7
    pristine_git_object: 2d362b6c8700fbd510999908f5f95a5d3c07567b
  src/types/enums.ts:
    id: 4d03ddfe5100
    last_write_checksum: sha1:e754a7ea32bd376cdce9206f8658aaac8bd21de9
    pristine_git_object: c06f5f154d2a6f50b1bc9276977871d9a6b85206
  src/types/fp.ts:
    id: ae9f0fb8aab6
    last_write_checksum: sha1:fcf17e51e79a8e6894d0bea905f9be991617d23a
    pristine_git_object: 7d4f9f139bcbd770fe3d0850eaa6761758311b50
  src/types/index.ts:
    id: cd7a0a5ed005
    last_write_checksum: sha1:23c0ee4e643cf4fd013e3f5a9e97b14aa622735e
    pristine_git_object: 3e2cdbf239d7fea7c854ea55a27f9c698d3f7623
  src/types/operations.ts:
    id: 314da01dca47
    last_write_checksum: sha1:9afd9181120305f6916039b5bfc350b60db8fd51
    pristine_git_object: a1c2b38ea4c7cf6e4751168b55750a047ab3d1a2
  src/types/primitives.ts:
    id: 0cd7f4ac625d
    last_write_checksum: sha1:a96cd3def124e5d17a590913b4cbff3a618751bd
    pristine_git_object: d01f24ed23543e4e0f73ff8aa42941a6e6fe2025
  src/types/rfcdate.ts:
    id: 9eb64906dcd6
    last_write_checksum: sha1:a00ef5838da2b85c35da290dc01660845f8dbeb4
    pristine_git_object: 05a12a9ea1c818e7cb49104f009b6cc6376bac25
  src/types/smart-union.ts:
    id: 2e3af2ad4ea7
    last_write_checksum: sha1:8ee730e15f36590f2eae5875faea6e7a5224cafd
    pristine_git_object: d1775a0df688d695666e7237bc1253e96e22ba2f
  src/types/streams.ts:
    id: f99be9c4bf14
    last_write_checksum: sha1:21b75828c957ee30985ddcc9f9f2704991242a58
    pristine_git_object: 88c11154994b57fb078cef64729ba329636827a9
  src/types/unrecognized.ts:
    id: 476605c40716
    last_write_checksum: sha1:cd795949ae6d8f7e1945340607be6ebd1e3f0760
    pristine_git_object: 4ccb9fff749ad463884a4375063cc21884883d92
  tsconfig.json:
    id: 61ebb9fd6e8c
    last_write_checksum: sha1:c3ec7996536cdb9a54319e7d1eb3b199b733d34c
    pristine_git_object: 0ccdbe286a8780e06a469a9eb7e2fb95322fd507
examples:
  listPosts:
    speakeasy-default-list-posts:
      parameters:
        path:
          organizationId: "org_123"
        query:
          sort: "desc"
          limit: 10
          page: 1
      responses:
        "200":
          application/json: {"posts": [], "pagination": {"limit": 590415, "currentPage": 842309, "nextPage": 372360, "previousPage": 451485, "totalPages": 525847, "totalItems": 923782}}
        "400":
          application/json: {"error": "<value>"}
        "503":
          application/json: {"error": "<value>"}
  getPost:
    speakeasy-default-get-post:
      parameters:
        path:
          organizationId: "org_123"
          postId: "post_123"
      responses:
        "200":
          application/json: {"post": {"id": "<id>", "title": "<value>", "content": "<value>", "markdown": "<value>", "contentType": "<value>", "status": "draft", "createdAt": "1717103742320", "updatedAt": "1735642854932"}}
        "400":
          application/json: {"error": "<value>"}
        "503":
          application/json: {"error": "<value>"}
examplesVersion: 1.0.2
releaseNotes: "## Typescript SDK Changes:\n* `notra.content.listPosts()`: \n  *  `request.contentType` **Added**\n  *  `response.metadata` **Removed** (Breaking ⚠️)\n* `notra.content.getPost()`: \n  *  `request.contentType` **Added**\n  *  `response.metadata` **Removed** (Breaking ⚠️)\n"
