speakeasyVersion: 1.796.4
sources:
    Notra API:
        sourceNamespace: notra-api
        sourceRevisionDigest: sha256:273e5c0f7051f5560f08f8b998f31ae4d81ac4d09f28ba74e3f9422fa095a67e
        sourceBlobDigest: sha256:07c0da05c44aa33e85e4efb7b20ed7fc3fcde1992ee4ee6a0bbba6603574ffef
        tags:
            - latest
            - 1.0.0
targets:
    notra:
        source: Notra API
        sourceNamespace: notra-api
        sourceRevisionDigest: sha256:273e5c0f7051f5560f08f8b998f31ae4d81ac4d09f28ba74e3f9422fa095a67e
        sourceBlobDigest: sha256:07c0da05c44aa33e85e4efb7b20ed7fc3fcde1992ee4ee6a0bbba6603574ffef
        codeSamplesNamespace: notra-api-typescript-code-samples
        codeSamplesRevisionDigest: sha256:960bb29735a1e7b3f54889efd0b38ed670fd8181a8eb0a8226b4ac8d278105e7
workflow:
    workflowVersion: 1.0.0
    speakeasyVersion: latest
    sources:
        Notra API:
            inputs:
                - location: https://api.usenotra.com/openapi.json
            output: .speakeasy/out.openapi.yaml
            registry:
                location: registry.speakeasyapi.dev/notra/notra/notra-api
    targets:
        notra:
            target: typescript
            source: Notra API
            publish:
                npm:
                    token: $npm_token
            codeSamples:
                registry:
                    location: registry.speakeasyapi.dev/notra/notra/notra-api-typescript-code-samples
                labelOverride:
                    fixedValue: Typescript (SDK)
                blocking: false
