speakeasyVersion: 1.799.0
sources:
    Notra API:
        sourceNamespace: notra-api
        sourceRevisionDigest: sha256:9ecb4be1cf3b2f43daaa329138a07f5a5bcd98ca73023e3f490aeb1763bb535b
        sourceBlobDigest: sha256:4fa50cdc278231c441dfae3f27a25a1e3b5d51b845fc369ed0c9999ae2038c16
        tags:
            - latest
            - 1.0.0
targets:
    notra:
        source: Notra API
        sourceNamespace: notra-api
        sourceRevisionDigest: sha256:9ecb4be1cf3b2f43daaa329138a07f5a5bcd98ca73023e3f490aeb1763bb535b
        sourceBlobDigest: sha256:4fa50cdc278231c441dfae3f27a25a1e3b5d51b845fc369ed0c9999ae2038c16
        codeSamplesNamespace: notra-api-typescript-code-samples
        codeSamplesRevisionDigest: sha256:ff0d4d3a77e9010a9d70b95912ca7f2fdf12f72a1f3ab2c0deec839ace021fc6
workflow:
    workflowVersion: 1.0.0
    speakeasyVersion: latest
    sources:
        Notra API:
            inputs:
                - location: https://api.usenotra.com/openapi.json
            output: .speakeasy/out.openapi.yaml
            registry:
                location: registry.speakeasyapi.dev/notra/notra/notra-api
    targets:
        notra:
            target: typescript
            source: Notra API
            publish:
                npm:
                    token: $npm_token
            codeSamples:
                registry:
                    location: registry.speakeasyapi.dev/notra/notra/notra-api-typescript-code-samples
                labelOverride:
                    fixedValue: Typescript (SDK)
                blocking: false
