speakeasyVersion: 1.761.5
sources:
    Notra API:
        sourceNamespace: notra-api
        sourceRevisionDigest: sha256:ed95f15491f0df4521be920baaf89665b7662d5ea42f808118f34db0c11e0576
        sourceBlobDigest: sha256:1a4159c65c45a95ae9c921909eac1feb740a70967545bb8b1eeba19bd9cbabd0
        tags:
            - latest
            - 1.0.0
targets:
    notra:
        source: Notra API
        sourceNamespace: notra-api
        sourceRevisionDigest: sha256:ed95f15491f0df4521be920baaf89665b7662d5ea42f808118f34db0c11e0576
        sourceBlobDigest: sha256:1a4159c65c45a95ae9c921909eac1feb740a70967545bb8b1eeba19bd9cbabd0
        codeSamplesNamespace: notra-api-typescript-code-samples
        codeSamplesRevisionDigest: sha256:2948aba79aceac15ae7b22a5568d456236de3d4683976b0fb56cc25313738ebe
workflow:
    workflowVersion: 1.0.0
    speakeasyVersion: latest
    sources:
        Notra API:
            inputs:
                - location: https://api.usenotra.com/openapi.json
            output: .speakeasy/out.openapi.yaml
            registry:
                location: registry.speakeasyapi.dev/notra/notra/notra-api
    targets:
        notra:
            target: typescript
            source: Notra API
            publish:
                npm:
                    token: $npm_token
            codeSamples:
                registry:
                    location: registry.speakeasyapi.dev/notra/notra/notra-api-typescript-code-samples
                labelOverride:
                    fixedValue: Typescript (SDK)
                blocking: false
